
Microsoft Visual Studio Solution File, Format Version 12.00
# Visual Studio Version 16
VisualStudioVersion = 16.0.31729.503
MinimumVisualStudioVersion = 10.0.40219.1
Project("{FAE04EC0-301F-11D3-BF4B-00C04F79EFBC}") = "DeviceMap", "DeviceMap.csproj", "{CE90FB10-20FC-4293-8BDE-F9ACE4C5A4CD}"
EndProject
Global
	GlobalSection(SolutionConfigurationPlatforms) = preSolution
		Debug|Any CPU = Debug|Any CPU
		Release|Any CPU = Release|Any CPU
	EndGlobalSection
	GlobalSection(ProjectConfigurationPlatforms) = postSolution
		{CE90FB10-20FC-4293-8BDE-F9ACE4C5A4CD}.Debug|Any CPU.ActiveCfg = Debug|Any CPU
		{CE90FB10-20FC-4293-8BDE-F9ACE4C5A4CD}.Debug|Any CPU.Build.0 = Debug|Any CPU
		{CE90FB10-20FC-4293-8BDE-F9ACE4C5A4CD}.Release|Any CPU.ActiveCfg = Release|Any CPU
		{CE90FB10-20FC-4293-8BDE-F9ACE4C5A4CD}.Release|Any CPU.Build.0 = Release|Any CPU
	EndGlobalSection
	GlobalSection(SolutionProperties) = preSolution
		HideSolutionNode = FALSE
	EndGlobalSection
	GlobalSection(ExtensibilityGlobals) = postSolution
		SolutionGuid = {A204264E-225D-42EB-980E-1015D8B533C8}
	EndGlobalSection
EndGlobal
